<?xml version="1.0" encoding="utf-8"?>
<Project ToolsVersion="4.0" xmlns="http://schemas.microsoft.com/developer/msbuild/2003">
  <ItemGroup>
    <Filter Include="Source Files">
      <UniqueIdentifier>{4FC737F1-C7A5-4376-A066-2A32D752A2FF}</UniqueIdentifier>
      <Extensions>cpp;c;cc;cxx;def;odl;idl;hpj;bat;asm;asmx</Extensions>
    </Filter>
    <Filter Include="Header Files">
      <UniqueIdentifier>{93995380-89BD-4b04-88EB-625FBE52EBFB}</UniqueIdentifier>
      <Extensions>h;hpp;hxx;hm;inl;inc;xsd</Extensions>
    </Filter>
    <Filter Include="Resource Files">
      <UniqueIdentifier>{67DA6AB6-F800-4c08-8B7A-83BB121AAD01}</UniqueIdentifier>
      <Extensions>rc;ico;cur;bmp;dlg;rc2;rct;bin;rgs;gif;jpg;jpeg;jpe;resx;tiff;tif;png;wav;mfcribbon-ms</Extensions>
    </Filter>
    <Filter Include="Source Files\database">
      <UniqueIdentifier>{0a21cf98-00a4-4778-9ece-60e86b9ce97b}</UniqueIdentifier>
    </Filter>
    <Filter Include="Source Files\log">
      <UniqueIdentifier>{09c50176-a347-445c-930a-d9912735909a}</UniqueIdentifier>
    </Filter>
    <Filter Include="Source Files\roadVecGen">
      <UniqueIdentifier>{393cbdc6-9acc-40e7-93dc-e1929a501ac0}</UniqueIdentifier>
    </Filter>
    <Filter Include="Source Files\interface">
      <UniqueIdentifier>{50524d04-b79d-4a51-aef7-cfe2a45aa1a1}</UniqueIdentifier>
    </Filter>
  </ItemGroup>
  <ItemGroup>
    <ClInclude Include="..\..\..\Ford\server\server\sources\database\include\databaseServer.h">
      <Filter>Source Files\database</Filter>
    </ClInclude>
    <ClInclude Include="..\..\..\Ford\server\server\sources\database\include\database.h">
      <Filter>Source Files\database</Filter>
    </ClInclude>
    <ClInclude Include="..\..\..\Ford\server\server\sources\database\include\databaseDef.h">
      <Filter>Source Files\database</Filter>
    </ClInclude>
    <ClInclude Include="..\..\..\Ford\server\server\sources\log\include\LogInfo.h">
      <Filter>Source Files\log</Filter>
    </ClInclude>
    <ClInclude Include="..\..\..\Ford\server\server\sources\roadVecGen\include\roadVectorGenSimpleAlign.h">
      <Filter>Source Files\roadVecGen</Filter>
    </ClInclude>
    <ClInclude Include="..\..\..\Ford\server\server\sources\roadVecGen\include\roadSideVectorGen.h">
      <Filter>Source Files\roadVecGen</Filter>
    </ClInclude>
    <ClInclude Include="..\..\..\Ford\server\server\sources\roadVecGen\include\roadVectorGen.h">
      <Filter>Source Files\roadVecGen</Filter>
    </ClInclude>
    <ClInclude Include="..\..\..\Ford\server\server\sources\roadVecGen\include\roadVectorGenDashAlign.h">
      <Filter>Source Files\roadVecGen</Filter>
    </ClInclude>
    <ClInclude Include="..\..\..\Ford\server\server\sources\roadVecGen\include\roadVectorGenPushAllVec.h">
      <Filter>Source Files\roadVecGen</Filter>
    </ClInclude>
    <ClInclude Include="..\..\..\Ford\server\server\sources\interface\include\laneQueueClass.h">
      <Filter>Source Files\interface</Filter>
    </ClInclude>
    <ClInclude Include="..\..\..\Ford\server\server\sources\interface\include\messageProcessClass.h">
      <Filter>Source Files\interface</Filter>
    </ClInclude>
    <ClInclude Include="..\..\..\Ford\server\server\sources\interface\include\messageQueueClass.h">
      <Filter>Source Files\interface</Filter>
    </ClInclude>
  </ItemGroup>
  <ItemGroup>
    <ClCompile Include="..\..\..\Ford\server\server\sources\database\src\database.cpp">
      <Filter>Source Files\database</Filter>
    </ClCompile>
    <ClCompile Include="..\..\..\Ford\server\server\sources\database\src\databaseMath.cpp">
      <Filter>Source Files\database</Filter>
    </ClCompile>
    <ClCompile Include="..\..\..\Ford\server\server\sources\database\src\databaseServer.cpp">
      <Filter>Source Files\database</Filter>
    </ClCompile>
    <ClCompile Include="..\..\..\Ford\server\server\sources\log\src\LogInfo.cpp">
      <Filter>Source Files\log</Filter>
    </ClCompile>
    <ClCompile Include="..\..\..\Ford\server\server\sources\roadVecGen\src\roadSideVectorGen.cpp">
      <Filter>Source Files\roadVecGen</Filter>
    </ClCompile>
    <ClCompile Include="..\..\..\Ford\server\server\sources\roadVecGen\src\roadVectorGen.cpp">
      <Filter>Source Files\roadVecGen</Filter>
    </ClCompile>
    <ClCompile Include="..\..\..\Ford\server\server\sources\roadVecGen\src\roadVectorGenDashAlign.cpp">
      <Filter>Source Files\roadVecGen</Filter>
    </ClCompile>
    <ClCompile Include="..\..\..\Ford\server\server\sources\roadVecGen\src\roadVectorGenPushAllVec.cpp">
      <Filter>Source Files\roadVecGen</Filter>
    </ClCompile>
    <ClCompile Include="..\..\..\Ford\server\server\sources\roadVecGen\src\roadVectorGenSimpleAlign.cpp">
      <Filter>Source Files\roadVecGen</Filter>
    </ClCompile>
    <ClCompile Include="roadVectorGenUnitTest.cpp">
      <Filter>Source Files</Filter>
    </ClCompile>
    <ClCompile Include="..\..\..\Ford\server\server\sources\interface\src\laneQueueClass.cpp">
      <Filter>Source Files\interface</Filter>
    </ClCompile>
    <ClCompile Include="..\..\..\Ford\server\server\sources\interface\src\messageProcessClass.cpp">
      <Filter>Source Files\interface</Filter>
    </ClCompile>
    <ClCompile Include="..\..\..\Ford\server\server\sources\interface\src\messageQueueClass.cpp">
      <Filter>Source Files\interface</Filter>
    </ClCompile>
  </ItemGroup>
</Project>