<?xml version="1.0" encoding="utf-8"?>
<Project ToolsVersion="4.0" xmlns="http://schemas.microsoft.com/developer/msbuild/2003">
  <ItemGroup>
    <Filter Include="Source Files">
      <UniqueIdentifier>{4FC737F1-C7A5-4376-A066-2A32D752A2FF}</UniqueIdentifier>
      <Extensions>cpp;c;cc;cxx;def;odl;idl;hpj;bat;asm;asmx</Extensions>
    </Filter>
    <Filter Include="Header Files">
      <UniqueIdentifier>{93995380-89BD-4b04-88EB-625FBE52EBFB}</UniqueIdentifier>
      <Extensions>h;hpp;hxx;hm;inl;inc;xsd</Extensions>
    </Filter>
    <Filter Include="Resource Files">
      <UniqueIdentifier>{67DA6AB6-F800-4c08-8B7A-83BB121AAD01}</UniqueIdentifier>
      <Extensions>rc;ico;cur;bmp;dlg;rc2;rct;bin;rgs;gif;jpg;jpeg;jpe;resx;tiff;tif;png;wav;mfcribbon-ms</Extensions>
    </Filter>
    <Filter Include="Unit test">
      <UniqueIdentifier>{e5faf0f3-90e4-4d7a-8f77-aea886acd478}</UniqueIdentifier>
    </Filter>
    <Filter Include="Header Files\common">
      <UniqueIdentifier>{543fb97a-fb28-4c49-840f-89af290cf3b8}</UniqueIdentifier>
    </Filter>
    <Filter Include="Source Files\common">
      <UniqueIdentifier>{418b18f3-ba4e-4af2-b19f-20fb2aed9955}</UniqueIdentifier>
    </Filter>
    <Filter Include="Header Files\dbtools-dummy">
      <UniqueIdentifier>{19fd5727-8eec-4bbc-a35c-be19aaf83e3c}</UniqueIdentifier>
    </Filter>
    <Filter Include="Header Files\log">
      <UniqueIdentifier>{42b638c3-b068-446a-b787-4f022a80b57f}</UniqueIdentifier>
    </Filter>
    <Filter Include="Source Files\dbtools-dummy">
      <UniqueIdentifier>{c44c97f0-40dd-4bb0-bfa3-4c75a2be3ef3}</UniqueIdentifier>
    </Filter>
    <Filter Include="Header Files\math">
      <UniqueIdentifier>{7e74ba96-2ee8-4dc4-bac6-0c71504b5455}</UniqueIdentifier>
    </Filter>
    <Filter Include="Source Files\math">
      <UniqueIdentifier>{7d26ff20-6333-4807-9b6e-6f13ada17f89}</UniqueIdentifier>
    </Filter>
  </ItemGroup>
  <ItemGroup>
    <ClCompile Include="main.cpp">
      <Filter>Unit test</Filter>
    </ClCompile>
    <ClCompile Include="..\..\common\src\Lane.cpp">
      <Filter>Source Files\common</Filter>
    </ClCompile>
    <ClCompile Include="..\..\common\src\SurfaceBoundary.cpp">
      <Filter>Source Files\common</Filter>
    </ClCompile>
    <ClCompile Include="..\..\common\src\Line.cpp">
      <Filter>Source Files\common</Filter>
    </ClCompile>
    <ClCompile Include="..\..\common\src\Paint.cpp">
      <Filter>Source Files\common</Filter>
    </ClCompile>
    <ClCompile Include="..\..\common\src\Point3D.cpp">
      <Filter>Source Files\common</Filter>
    </ClCompile>
    <ClCompile Include="..\..\common\src\Sign.cpp">
      <Filter>Source Files\common</Filter>
    </ClCompile>
    <ClCompile Include="..\..\common\src\Surface.cpp">
      <Filter>Source Files\common</Filter>
    </ClCompile>
    <ClCompile Include="DataBaseManager.cpp">
      <Filter>Source Files</Filter>
    </ClCompile>
    <ClCompile Include="DataBaseMathBase.cpp">
      <Filter>Source Files\math</Filter>
    </ClCompile>
    <ClCompile Include="dbtools.cpp">
      <Filter>Source Files\dbtools-dummy</Filter>
    </ClCompile>
    <ClCompile Include="DataBaseMathToolkit.cpp">
      <Filter>Source Files\math</Filter>
    </ClCompile>
    <ClCompile Include="..\..\common\src\Difference.cpp">
      <Filter>Source Files\common</Filter>
    </ClCompile>
    <ClCompile Include="..\..\common\src\DifferenceLane.cpp">
      <Filter>Source Files\common</Filter>
    </ClCompile>
    <ClCompile Include="..\..\common\src\DifferencePaint.cpp">
      <Filter>Source Files\common</Filter>
    </ClCompile>
    <ClCompile Include="..\..\common\src\DifferenceSign.cpp">
      <Filter>Source Files\common</Filter>
    </ClCompile>
  </ItemGroup>
  <ItemGroup>
    <ClInclude Include="..\..\common\include\Lane.h">
      <Filter>Header Files\common</Filter>
    </ClInclude>
    <ClInclude Include="..\..\common\include\typeDefine.h">
      <Filter>Header Files\common</Filter>
    </ClInclude>
    <ClInclude Include="..\..\common\include\Line.h">
      <Filter>Header Files\common</Filter>
    </ClInclude>
    <ClInclude Include="..\..\common\include\Paint.h">
      <Filter>Header Files\common</Filter>
    </ClInclude>
    <ClInclude Include="..\..\common\include\Point3D.h">
      <Filter>Header Files\common</Filter>
    </ClInclude>
    <ClInclude Include="..\..\common\include\Sign.h">
      <Filter>Header Files\common</Filter>
    </ClInclude>
    <ClInclude Include="..\..\common\include\Surface.h">
      <Filter>Header Files\common</Filter>
    </ClInclude>
    <ClInclude Include="..\..\common\include\SurfaceBoundary.h">
      <Filter>Header Files\common</Filter>
    </ClInclude>
    <ClInclude Include="DataBaseManager.h">
      <Filter>Header Files</Filter>
    </ClInclude>
    <ClInclude Include="dbtools.h">
      <Filter>Header Files\dbtools-dummy</Filter>
    </ClInclude>
    <ClInclude Include="DataBaseMathBase.h">
      <Filter>Header Files\math</Filter>
    </ClInclude>
    <ClInclude Include="log.h">
      <Filter>Header Files\log</Filter>
    </ClInclude>
    <ClInclude Include="DataBaseMathToolkit.h">
      <Filter>Header Files\math</Filter>
    </ClInclude>
    <ClInclude Include="..\..\common\include\Difference.h">
      <Filter>Header Files\common</Filter>
    </ClInclude>
    <ClInclude Include="..\..\common\include\DifferenceLane.h">
      <Filter>Header Files\common</Filter>
    </ClInclude>
    <ClInclude Include="..\..\common\include\DifferencePaint.h">
      <Filter>Header Files\common</Filter>
    </ClInclude>
    <ClInclude Include="..\..\common\include\DifferenceSign.h">
      <Filter>Header Files\common</Filter>
    </ClInclude>
  </ItemGroup>
</Project>