
Microsoft Visual Studio Solution File, Format Version 11.00
# Visual Studio 2010
Project("{8BC9CEB8-8B4A-11D0-8D11-00A0C91BC942}") = "inVehicle", "inVehicle\inVehicle.vcxproj", "{07EE8913-8170-498C-842A-ED7A5EA4FEB0}"
EndProject
Global
	GlobalSection(SolutionConfigurationPlatforms) = preSolution
		Debug|Win32 = Debug|Win32
		Detroit_Video_Release|Win32 = Detroit_Video_Release|Win32
		Frankfurt_Camera_Release|Win32 = Frankfurt_Camera_Release|Win32
		Frankfurt_Video_Release|Win32 = Frankfurt_Video_Release|Win32
		Release|Win32 = Release|Win32
	EndGlobalSection
	GlobalSection(ProjectConfigurationPlatforms) = postSolution
		{07EE8913-8170-498C-842A-ED7A5EA4FEB0}.Debug|Win32.ActiveCfg = Debug|Win32
		{07EE8913-8170-498C-842A-ED7A5EA4FEB0}.Debug|Win32.Build.0 = Debug|Win32
		{07EE8913-8170-498C-842A-ED7A5EA4FEB0}.Detroit_Video_Release|Win32.ActiveCfg = Detroit_Video_Release|Win32
		{07EE8913-8170-498C-842A-ED7A5EA4FEB0}.Detroit_Video_Release|Win32.Build.0 = Detroit_Video_Release|Win32
		{07EE8913-8170-498C-842A-ED7A5EA4FEB0}.Frankfurt_Camera_Release|Win32.ActiveCfg = Frankfurt_Camera_Release|Win32
		{07EE8913-8170-498C-842A-ED7A5EA4FEB0}.Frankfurt_Camera_Release|Win32.Build.0 = Frankfurt_Camera_Release|Win32
		{07EE8913-8170-498C-842A-ED7A5EA4FEB0}.Frankfurt_Video_Release|Win32.ActiveCfg = Frankfurt_Video_Release|Win32
		{07EE8913-8170-498C-842A-ED7A5EA4FEB0}.Frankfurt_Video_Release|Win32.Build.0 = Frankfurt_Video_Release|Win32
		{07EE8913-8170-498C-842A-ED7A5EA4FEB0}.Release|Win32.ActiveCfg = Release|Win32
		{07EE8913-8170-498C-842A-ED7A5EA4FEB0}.Release|Win32.Build.0 = Release|Win32
	EndGlobalSection
	GlobalSection(SolutionProperties) = preSolution
		HideSolutionNode = FALSE
	EndGlobalSection
EndGlobal
