
Microsoft Visual Studio Solution File, Format Version 11.00
# Visual Studio 2010
Project("{8BC9CEB8-8B4A-11D0-8D11-00A0C91BC942}") = "filecheck", "filecheck\filecheck.vcxproj", "{3FB51CE0-92BA-4B13-80DB-C2F94E935386}"
EndProject
Global
	GlobalSection(SolutionConfigurationPlatforms) = preSolution
		Debug|Win32 = Debug|Win32
		Release|Win32 = Release|Win32
	EndGlobalSection
	GlobalSection(ProjectConfigurationPlatforms) = postSolution
		{3FB51CE0-92BA-4B13-80DB-C2F94E935386}.Debug|Win32.ActiveCfg = Debug|Win32
		{3FB51CE0-92BA-4B13-80DB-C2F94E935386}.Debug|Win32.Build.0 = Debug|Win32
		{3FB51CE0-92BA-4B13-80DB-C2F94E935386}.Release|Win32.ActiveCfg = Release|Win32
		{3FB51CE0-92BA-4B13-80DB-C2F94E935386}.Release|Win32.Build.0 = Release|Win32
	EndGlobalSection
	GlobalSection(SolutionProperties) = preSolution
		HideSolutionNode = FALSE
	EndGlobalSection
EndGlobal
